// !$*UTF8*$!
{
	archiveVersion = 1;
	classes = {
	};
	objectVersion = 46;
	objects = {

/* Begin PBXBuildFile section */
		050034E9BD0C3728D5913A24 /* Pods_Makestagram.framework in Frameworks */ = {isa = PBXBuildFile; fileRef = 4C717369BD19F00A54765C17 /* Pods_Makestagram.framework */; };
		CA635A291E71D66F00E6E94C /* GoogleService-Info.plist in Resources */ = {isa = PBXBuildFile; fileRef = CA635A281E71D66F00E6E94C /* GoogleService-Info.plist */; };
		CA7CEB941E708EB800AF43ED /* AppDelegate.swift in Sources */ = {isa = PBXBuildFile; fileRef = CA7CEB931E708EB800AF43ED /* AppDelegate.swift */; };
		CA7CEB991E708EB800AF43ED /* Main.storyboard in Resources */ = {isa = PBXBuildFile; fileRef = CA7CEB971E708EB800AF43ED /* Main.storyboard */; };
		CA7CEB9B1E708EB800AF43ED /* Assets.xcassets in Resources */ = {isa = PBXBuildFile; fileRef = CA7CEB9A1E708EB800AF43ED /* Assets.xcassets */; };
		CA7CEB9E1E708EB800AF43ED /* LaunchScreen.storyboard in Resources */ = {isa = PBXBuildFile; fileRef = CA7CEB9C1E708EB800AF43ED /* LaunchScreen.storyboard */; };
		CA84176E1E71F193005A0A60 /* Login.storyboard in Resources */ = {isa = PBXBuildFile; fileRef = CA84176C1E71F193005A0A60 /* Login.storyboard */; };
		CA8417711E71F44B005A0A60 /* HomeViewController.swift in Sources */ = {isa = PBXBuildFile; fileRef = CA8417701E71F44B005A0A60 /* HomeViewController.swift */; };
		CA8417731E71FF97005A0A60 /* LoginViewController.swift in Sources */ = {isa = PBXBuildFile; fileRef = CA8417721E71FF97005A0A60 /* LoginViewController.swift */; };
		CA8417751E720C9A005A0A60 /* Constants.swift in Sources */ = {isa = PBXBuildFile; fileRef = CA8417741E720C9A005A0A60 /* Constants.swift */; };
		CA8417771E7225EA005A0A60 /* StoryboardType.swift in Sources */ = {isa = PBXBuildFile; fileRef = CA8417761E7225EA005A0A60 /* StoryboardType.swift */; };
/* End PBXBuildFile section */

/* Begin PBXFileReference section */
		4C717369BD19F00A54765C17 /* Pods_Makestagram.framework */ = {isa = PBXFileReference; explicitFileType = wrapper.framework; includeInIndex = 0; path = Pods_Makestagram.framework; sourceTree = BUILT_PRODUCTS_DIR; };
		663D54F91ED125B01595C135 /* Pods-Makestagram.release.xcconfig */ = {isa = PBXFileReference; includeInIndex = 1; lastKnownFileType = text.xcconfig; name = "Pods-Makestagram.release.xcconfig"; path = "Pods/Target Support Files/Pods-Makestagram/Pods-Makestagram.release.xcconfig"; sourceTree = "<group>"; };
		CA635A281E71D66F00E6E94C /* GoogleService-Info.plist */ = {isa = PBXFileReference; fileEncoding = 4; lastKnownFileType = text.plist.xml; path = "GoogleService-Info.plist"; sourceTree = "<group>"; };
		CA7CEB901E708EB800AF43ED /* Makestagram.app */ = {isa = PBXFileReference; explicitFileType = wrapper.application; includeInIndex = 0; path = Makestagram.app; sourceTree = BUILT_PRODUCTS_DIR; };
		CA7CEB931E708EB800AF43ED /* AppDelegate.swift */ = {isa = PBXFileReference; lastKnownFileType = sourcecode.swift; path = AppDelegate.swift; sourceTree = "<group>"; };
		CA7CEB981E708EB800AF43ED /* Base */ = {isa = PBXFileReference; lastKnownFileType = file.storyboard; name = Base; path = Base.lproj/Main.storyboard; sourceTree = "<group>"; };
		CA7CEB9A1E708EB800AF43ED /* Assets.xcassets */ = {isa = PBXFileReference; lastKnownFileType = folder.assetcatalog; path = Assets.xcassets; sourceTree = "<group>"; };
		CA7CEB9D1E708EB800AF43ED /* Base */ = {isa = PBXFileReference; lastKnownFileType = file.storyboard; name = Base; path = Base.lproj/LaunchScreen.storyboard; sourceTree = "<group>"; };
		CA7CEB9F1E708EB800AF43ED /* Info.plist */ = {isa = PBXFileReference; lastKnownFileType = text.plist.xml; path = Info.plist; sourceTree = "<group>"; };
		CA84176D1E71F193005A0A60 /* Base */ = {isa = PBXFileReference; lastKnownFileType = file.storyboard; name = Base; path = Base.lproj/Login.storyboard; sourceTree = "<group>"; };
		CA8417701E71F44B005A0A60 /* HomeViewController.swift */ = {isa = PBXFileReference; fileEncoding = 4; lastKnownFileType = sourcecode.swift; name = HomeViewController.swift; path = ViewControllers/HomeViewController.swift; sourceTree = "<group>"; };
		CA8417721E71FF97005A0A60 /* LoginViewController.swift */ = {isa = PBXFileReference; fileEncoding = 4; lastKnownFileType = sourcecode.swift; name = LoginViewController.swift; path = ViewControllers/LoginViewController.swift; sourceTree = "<group>"; };
		CA8417741E720C9A005A0A60 /* Constants.swift */ = {isa = PBXFileReference; fileEncoding = 4; lastKnownFileType = sourcecode.swift; name = Constants.swift; path = SupportingFiles/Constants.swift; sourceTree = "<group>"; };
		CA8417761E7225EA005A0A60 /* StoryboardType.swift */ = {isa = PBXFileReference; fileEncoding = 4; lastKnownFileType = sourcecode.swift; name = StoryboardType.swift; path = SupportingFiles/StoryboardType.swift; sourceTree = "<group>"; };
		E04B4D75E0256C49C93BDD83 /* Pods-Makestagram.debug.xcconfig */ = {isa = PBXFileReference; includeInIndex = 1; lastKnownFileType = text.xcconfig; name = "Pods-Makestagram.debug.xcconfig"; path = "Pods/Target Support Files/Pods-Makestagram/Pods-Makestagram.debug.xcconfig"; sourceTree = "<group>"; };
/* End PBXFileReference section */

/* Begin PBXFrameworksBuildPhase section */
		CA7CEB8D1E708EB800AF43ED /* Frameworks */ = {
			isa = PBXFrameworksBuildPhase;
			buildActionMask = 2147483647;
			files = (
				050034E9BD0C3728D5913A24 /* Pods_Makestagram.framework in Frameworks */,
			);
			runOnlyForDeploymentPostprocessing = 0;
		};
/* End PBXFrameworksBuildPhase section */

/* Begin PBXGroup section */
		1527D080608CD93719248ED0 /* Pods */ = {
			isa = PBXGroup;
			children = (
				E04B4D75E0256C49C93BDD83 /* Pods-Makestagram.debug.xcconfig */,
				663D54F91ED125B01595C135 /* Pods-Makestagram.release.xcconfig */,
			);
			name = Pods;
			sourceTree = "<group>";
		};
		5804496B12351A3E8C9C430D /* Frameworks */ = {
			isa = PBXGroup;
			children = (
				4C717369BD19F00A54765C17 /* Pods_Makestagram.framework */,
			);
			name = Frameworks;
			sourceTree = "<group>";
		};
		CA635A2A1E71D67600E6E94C /* Supporting Files */ = {
			isa = PBXGroup;
			children = (
				CA8417761E7225EA005A0A60 /* StoryboardType.swift */,
				CA8417741E720C9A005A0A60 /* Constants.swift */,
				CA7CEB9C1E708EB800AF43ED /* LaunchScreen.storyboard */,
				CA7CEB9F1E708EB800AF43ED /* Info.plist */,
				CA635A281E71D66F00E6E94C /* GoogleService-Info.plist */,
			);
			name = "Supporting Files";
			sourceTree = "<group>";
		};
		CA7CEB871E708EB800AF43ED = {
			isa = PBXGroup;
			children = (
				CA7CEB921E708EB800AF43ED /* Makestagram */,
				CA7CEB911E708EB800AF43ED /* Products */,
				1527D080608CD93719248ED0 /* Pods */,
				5804496B12351A3E8C9C430D /* Frameworks */,
			);
			sourceTree = "<group>";
		};
		CA7CEB911E708EB800AF43ED /* Products */ = {
			isa = PBXGroup;
			children = (
				CA7CEB901E708EB800AF43ED /* Makestagram.app */,
			);
			name = Products;
			sourceTree = "<group>";
		};
		CA7CEB921E708EB800AF43ED /* Makestagram */ = {
			isa = PBXGroup;
			children = (
				CA7CEB931E708EB800AF43ED /* AppDelegate.swift */,
				CA8417721E71FF97005A0A60 /* LoginViewController.swift */,
				CA8417701E71F44B005A0A60 /* HomeViewController.swift */,
				CA84176F1E71F198005A0A60 /* Storyboards */,
				CA7CEB9A1E708EB800AF43ED /* Assets.xcassets */,
				CA635A2A1E71D67600E6E94C /* Supporting Files */,
			);
			path = Makestagram;
			sourceTree = "<group>";
		};
		CA84176F1E71F198005A0A60 /* Storyboards */ = {
			isa = PBXGroup;
			children = (
				CA7CEB971E708EB800AF43ED /* Main.storyboard */,
				CA84176C1E71F193005A0A60 /* Login.storyboard */,
			);
			name = Storyboards;
			sourceTree = "<group>";
		};
/* End PBXGroup section */

/* Begin PBXNativeTarget section */
		CA7CEB8F1E708EB800AF43ED /* Makestagram */ = {
			isa = PBXNativeTarget;
			buildConfigurationList = CA7CEBA21E708EB800AF43ED /* Build configuration list for PBXNativeTarget "Makestagram" */;
			buildPhases = (
				A36F0D7C01402C2F7BE76899 /* [CP] Check Pods Manifest.lock */,
				CA7CEB8C1E708EB800AF43ED /* Sources */,
				CA7CEB8D1E708EB800AF43ED /* Frameworks */,
				CA7CEB8E1E708EB800AF43ED /* Resources */,
				4A24CC43AE5A0F3DED570072 /* [CP] Embed Pods Frameworks */,
				81005D50DA7469242897562A /* [CP] Copy Pods Resources */,
			);
			buildRules = (
			);
			dependencies = (
			);
			name = Makestagram;
			productName = Makestagram;
			productReference = CA7CEB901E708EB800AF43ED /* Makestagram.app */;
			productType = "com.apple.product-type.application";
		};
/* End PBXNativeTarget section */

/* Begin PBXProject section */
		CA7CEB881E708EB800AF43ED /* Project object */ = {
			isa = PBXProject;
			attributes = {
				LastSwiftUpdateCheck = 0820;
				LastUpgradeCheck = 0820;
				ORGANIZATIONNAME = "Make School";
				TargetAttributes = {
					CA7CEB8F1E708EB800AF43ED = {
						CreatedOnToolsVersion = 8.2.1;
						DevelopmentTeam = QXSA84SJDA;
						ProvisioningStyle = Automatic;
					};
				};
			};
			buildConfigurationList = CA7CEB8B1E708EB800AF43ED /* Build configuration list for PBXProject "Makestagram" */;
			compatibilityVersion = "Xcode 3.2";
			developmentRegion = English;
			hasScannedForEncodings = 0;
			knownRegions = (
				en,
				Base,
			);
			mainGroup = CA7CEB871E708EB800AF43ED;
			productRefGroup = CA7CEB911E708EB800AF43ED /* Products */;
			projectDirPath = "";
			projectRoot = "";
			targets = (
				CA7CEB8F1E708EB800AF43ED /* Makestagram */,
			);
		};
/* End PBXProject section */

/* Begin PBXResourcesBuildPhase section */
		CA7CEB8E1E708EB800AF43ED /* Resources */ = {
			isa = PBXResourcesBuildPhase;
			buildActionMask = 2147483647;
			files = (
				CA7CEB9E1E708EB800AF43ED /* LaunchScreen.storyboard in Resources */,
				CA635A291E71D66F00E6E94C /* GoogleService-Info.plist in Resources */,
				CA7CEB9B1E708EB800AF43ED /* Assets.xcassets in Resources */,
				CA84176E1E71F193005A0A60 /* Login.storyboard in Resources */,
				CA7CEB991E708EB800AF43ED /* Main.storyboard in Resources */,
			);
			runOnlyForDeploymentPostprocessing = 0;
		};
/* End PBXResourcesBuildPhase section */

/* Begin PBXShellScriptBuildPhase section */
		4A24CC43AE5A0F3DED570072 /* [CP] Embed Pods Frameworks */ = {
			isa = PBXShellScriptBuildPhase;
			buildActionMask = 2147483647;
			files = (
			);
			inputPaths = (
			);
			name = "[CP] Embed Pods Frameworks";
			outputPaths = (
			);
			runOnlyForDeploymentPostprocessing = 0;
			shellPath = /bin/sh;
			shellScript = "\"${SRCROOT}/Pods/Target Support Files/Pods-Makestagram/Pods-Makestagram-frameworks.sh\"\n";
			showEnvVarsInLog = 0;
		};
		81005D50DA7469242897562A /* [CP] Copy Pods Resources */ = {
			isa = PBXShellScriptBuildPhase;
			buildActionMask = 2147483647;
			files = (
			);
			inputPaths = (
			);
			name = "[CP] Copy Pods Resources";
			outputPaths = (
			);
			runOnlyForDeploymentPostprocessing = 0;
			shellPath = /bin/sh;
			shellScript = "\"${SRCROOT}/Pods/Target Support Files/Pods-Makestagram/Pods-Makestagram-resources.sh\"\n";
			showEnvVarsInLog = 0;
		};
		A36F0D7C01402C2F7BE76899 /* [CP] Check Pods Manifest.lock */ = {
			isa = PBXShellScriptBuildPhase;
			buildActionMask = 2147483647;
			files = (
			);
			inputPaths = (
			);
			name = "[CP] Check Pods Manifest.lock";
			outputPaths = (
			);
			runOnlyForDeploymentPostprocessing = 0;
			shellPath = /bin/sh;
			shellScript = "diff \"${PODS_ROOT}/../Podfile.lock\" \"${PODS_ROOT}/Manifest.lock\" > /dev/null\nif [ $? != 0 ] ; then\n    # print error to STDERR\n    echo \"error: The sandbox is not in sync with the Podfile.lock. Run 'pod install' or update your CocoaPods installation.\" >&2\n    exit 1\nfi\n";
			showEnvVarsInLog = 0;
		};
/* End PBXShellScriptBuildPhase section */

/* Begin PBXSourcesBuildPhase section */
		CA7CEB8C1E708EB800AF43ED /* Sources */ = {
			isa = PBXSourcesBuildPhase;
			buildActionMask = 2147483647;
			files = (
				CA8417751E720C9A005A0A60 /* Constants.swift in Sources */,
				CA8417731E71FF97005A0A60 /* LoginViewController.swift in Sources */,
				CA8417771E7225EA005A0A60 /* StoryboardType.swift in Sources */,
				CA7CEB941E708EB800AF43ED /* AppDelegate.swift in Sources */,
				CA8417711E71F44B005A0A60 /* HomeViewController.swift in Sources */,
			);
			runOnlyForDeploymentPostprocessing = 0;
		};
/* End PBXSourcesBuildPhase section */

/* Begin PBXVariantGroup section */
		CA7CEB971E708EB800AF43ED /* Main.storyboard */ = {
			isa = PBXVariantGroup;
			children = (
				CA7CEB981E708EB800AF43ED /* Base */,
			);
			name = Main.storyboard;
			sourceTree = "<group>";
		};
		CA7CEB9C1E708EB800AF43ED /* LaunchScreen.storyboard */ = {
			isa = PBXVariantGroup;
			children = (
				CA7CEB9D1E708EB800AF43ED /* Base */,
			);
			name = LaunchScreen.storyboard;
			sourceTree = "<group>";
		};
		CA84176C1E71F193005A0A60 /* Login.storyboard */ = {
			isa = PBXVariantGroup;
			children = (
				CA84176D1E71F193005A0A60 /* Base */,
			);
			name = Login.storyboard;
			sourceTree = "<group>";
		};
/* End PBXVariantGroup section */

/* Begin XCBuildConfiguration section */
		CA7CEBA01E708EB800AF43ED /* Debug */ = {
			isa = XCBuildConfiguration;
			buildSettings = {
				ALWAYS_SEARCH_USER_PATHS = NO;
				CLANG_ANALYZER_NONNULL = YES;
				CLANG_CXX_LANGUAGE_STANDARD = "gnu++0x";
				CLANG_CXX_LIBRARY = "libc++";
				CLANG_ENABLE_MODULES = YES;
				CLANG_ENABLE_OBJC_ARC = YES;
				CLANG_WARN_BOOL_CONVERSION = YES;
				CLANG_WARN_CONSTANT_CONVERSION = YES;
				CLANG_WARN_DIRECT_OBJC_ISA_USAGE = YES_ERROR;
				CLANG_WARN_DOCUMENTATION_COMMENTS = YES;
				CLANG_WARN_EMPTY_BODY = YES;
				CLANG_WARN_ENUM_CONVERSION = YES;
				CLANG_WARN_INFINITE_RECURSION = YES;
				CLANG_WARN_INT_CONVERSION = YES;
				CLANG_WARN_OBJC_ROOT_CLASS = YES_ERROR;
				CLANG_WARN_SUSPICIOUS_MOVE = YES;
				CLANG_WARN_UNREACHABLE_CODE = YES;
				CLANG_WARN__DUPLICATE_METHOD_MATCH = YES;
				"CODE_SIGN_IDENTITY[sdk=iphoneos*]" = "iPhone Developer";
				COPY_PHASE_STRIP = NO;
				DEBUG_INFORMATION_FORMAT = dwarf;
				ENABLE_STRICT_OBJC_MSGSEND = YES;
				ENABLE_TESTABILITY = YES;
				GCC_C_LANGUAGE_STANDARD = gnu99;
				GCC_DYNAMIC_NO_PIC = NO;
				GCC_NO_COMMON_BLOCKS = YES;
				GCC_OPTIMIZATION_LEVEL = 0;
				GCC_PREPROCESSOR_DEFINITIONS = (
					"DEBUG=1",
					"$(inherited)",
				);
				GCC_WARN_64_TO_32_BIT_CONVERSION = YES;
				GCC_WARN_ABOUT_RETURN_TYPE = YES_ERROR;
				GCC_WARN_UNDECLARED_SELECTOR = YES;
				GCC_WARN_UNINITIALIZED_AUTOS = YES_AGGRESSIVE;
				GCC_WARN_UNUSED_FUNCTION = YES;
				GCC_WARN_UNUSED_VARIABLE = YES;
				IPHONEOS_DEPLOYMENT_TARGET = 10.2;
				MTL_ENABLE_DEBUG_INFO = YES;
				ONLY_ACTIVE_ARCH = YES;
				SDKROOT = iphoneos;
				SWIFT_ACTIVE_COMPILATION_CONDITIONS = DEBUG;
				SWIFT_OPTIMIZATION_LEVEL = "-Onone";
			};
			name = Debug;
		};
		CA7CEBA11E708EB800AF43ED /* Release */ = {
			isa = XCBuildConfiguration;
			buildSettings = {
				ALWAYS_SEARCH_USER_PATHS = NO;
				CLANG_ANALYZER_NONNULL = YES;
				CLANG_CXX_LANGUAGE_STANDARD = "gnu++0x";
				CLANG_CXX_LIBRARY = "libc++";
				CLANG_ENABLE_MODULES = YES;
				CLANG_ENABLE_OBJC_ARC = YES;
				CLANG_WARN_BOOL_CONVERSION = YES;
				CLANG_WARN_CONSTANT_CONVERSION = YES;
				CLANG_WARN_DIRECT_OBJC_ISA_USAGE = YES_ERROR;
				CLANG_WARN_DOCUMENTATION_COMMENTS = YES;
				CLANG_WARN_EMPTY_BODY = YES;
				CLANG_WARN_ENUM_CONVERSION = YES;
				CLANG_WARN_INFINITE_RECURSION = YES;
				CLANG_WARN_INT_CONVERSION = YES;
				CLANG_WARN_OBJC_ROOT_CLASS = YES_ERROR;
				CLANG_WARN_SUSPICIOUS_MOVE = YES;
				CLANG_WARN_UNREACHABLE_CODE = YES;
				CLANG_WARN__DUPLICATE_METHOD_MATCH = YES;
				"CODE_SIGN_IDENTITY[sdk=iphoneos*]" = "iPhone Developer";
				COPY_PHASE_STRIP = NO;
				DEBUG_INFORMATION_FORMAT = "dwarf-with-dsym";
				ENABLE_NS_ASSERTIONS = NO;
				ENABLE_STRICT_OBJC_MSGSEND = YES;
				GCC_C_LANGUAGE_STANDARD = gnu99;
				GCC_NO_COMMON_BLOCKS = YES;
				GCC_WARN_64_TO_32_BIT_CONVERSION = YES;
				GCC_WARN_ABOUT_RETURN_TYPE = YES_ERROR;
				GCC_WARN_UNDECLARED_SELECTOR = YES;
				GCC_WARN_UNINITIALIZED_AUTOS = YES_AGGRESSIVE;
				GCC_WARN_UNUSED_FUNCTION = YES;
				GCC_WARN_UNUSED_VARIABLE = YES;
				IPHONEOS_DEPLOYMENT_TARGET = 10.2;
				MTL_ENABLE_DEBUG_INFO = NO;
				SDKROOT = iphoneos;
				SWIFT_OPTIMIZATION_LEVEL = "-Owholemodule";
				VALIDATE_PRODUCT = YES;
			};
			name = Release;
		};
		CA7CEBA31E708EB800AF43ED /* Debug */ = {
			isa = XCBuildConfiguration;
			baseConfigurationReference = E04B4D75E0256C49C93BDD83 /* Pods-Makestagram.debug.xcconfig */;
			buildSettings = {
				ASSETCATALOG_COMPILER_APPICON_NAME = AppIcon;
				DEVELOPMENT_TEAM = QXSA84SJDA;
				INFOPLIST_FILE = Makestagram/Info.plist;
				LD_RUNPATH_SEARCH_PATHS = "$(inherited) @executable_path/Frameworks";
				PRODUCT_BUNDLE_IDENTIFIER = com.makeschool.MakestagramV3;
				PRODUCT_NAME = "$(TARGET_NAME)";
				SWIFT_VERSION = 3.0;
			};
			name = Debug;
		};
		CA7CEBA41E708EB800AF43ED /* Release */ = {
			isa = XCBuildConfiguration;
			baseConfigurationReference = 663D54F91ED125B01595C135 /* Pods-Makestagram.release.xcconfig */;
			buildSettings = {
				ASSETCATALOG_COMPILER_APPICON_NAME = AppIcon;
				DEVELOPMENT_TEAM = QXSA84SJDA;
				INFOPLIST_FILE = Makestagram/Info.plist;
				LD_RUNPATH_SEARCH_PATHS = "$(inherited) @executable_path/Frameworks";
				PRODUCT_BUNDLE_IDENTIFIER = com.makeschool.MakestagramV3;
				PRODUCT_NAME = "$(TARGET_NAME)";
				SWIFT_VERSION = 3.0;
			};
			name = Release;
		};
/* End XCBuildConfiguration section */

/* Begin XCConfigurationList section */
		CA7CEB8B1E708EB800AF43ED /* Build configuration list for PBXProject "Makestagram" */ = {
			isa = XCConfigurationList;
			buildConfigurations = (
				CA7CEBA01E708EB800AF43ED /* Debug */,
				CA7CEBA11E708EB800AF43ED /* Release */,
			);
			defaultConfigurationIsVisible = 0;
			defaultConfigurationName = Release;
		};
		CA7CEBA21E708EB800AF43ED /* Build configuration list for PBXNativeTarget "Makestagram" */ = {
			isa = XCConfigurationList;
			buildConfigurations = (
				CA7CEBA31E708EB800AF43ED /* Debug */,
				CA7CEBA41E708EB800AF43ED /* Release */,
			);
			defaultConfigurationIsVisible = 0;
			defaultConfigurationName = Release;
		};
/* End XCConfigurationList section */
	};
	rootObject = CA7CEB881E708EB800AF43ED /* Project object */;
}
