// !$*UTF8*$!
{
	archiveVersion = 1;
	classes = {
	};
	objectVersion = 46;
	objects = {

/* Begin PBXBuildFile section */
		050034E9BD0C3728D5913A24 /* Pods_Makestagram.framework in Frameworks */ = {isa = PBXBuildFile; fileRef = 4C717369BD19F00A54765C17 /* Pods_Makestagram.framework */; };
		CA0561F11E9C39180030B91C /* UIImage+Utility.swift in Sources */ = {isa = PBXBuildFile; fileRef = CA0561F01E9C39180030B91C /* UIImage+Utility.swift */; };
		CA0561F31E9C39730030B91C /* FIRStorageReference+Post.swift in Sources */ = {isa = PBXBuildFile; fileRef = CA0561F21E9C39730030B91C /* FIRStorageReference+Post.swift */; };
		CA2DC5661E8049540064FBC9 /* FollowService.swift in Sources */ = {isa = PBXBuildFile; fileRef = CA2DC5651E8049540064FBC9 /* FollowService.swift */; };
		CA2DC5681E8054360064FBC9 /* FIRDatabaseReference+Utility.swift in Sources */ = {isa = PBXBuildFile; fileRef = CA2DC5671E8054360064FBC9 /* FIRDatabaseReference+Utility.swift */; };
		CA2DC56A1E8056070064FBC9 /* LikeService.swift in Sources */ = {isa = PBXBuildFile; fileRef = CA2DC5691E8056070064FBC9 /* LikeService.swift */; };
		CA5DEAC71E9804940055D744 /* FIRDatabaseReference+Location.swift in Sources */ = {isa = PBXBuildFile; fileRef = CA5DEAC61E9804940055D744 /* FIRDatabaseReference+Location.swift */; };
		CA6068561E74B76B0051F7D9 /* MGPhotoHelper.swift in Sources */ = {isa = PBXBuildFile; fileRef = CA6068551E74B76B0051F7D9 /* MGPhotoHelper.swift */; };
		CA6068581E7668490051F7D9 /* Post.swift in Sources */ = {isa = PBXBuildFile; fileRef = CA6068571E7668490051F7D9 /* Post.swift */; };
		CA635A291E71D66F00E6E94C /* GoogleService-Info.plist in Resources */ = {isa = PBXBuildFile; fileRef = CA635A281E71D66F00E6E94C /* GoogleService-Info.plist */; };
		CA7CEB941E708EB800AF43ED /* AppDelegate.swift in Sources */ = {isa = PBXBuildFile; fileRef = CA7CEB931E708EB800AF43ED /* AppDelegate.swift */; };
		CA7CEB9B1E708EB800AF43ED /* Assets.xcassets in Resources */ = {isa = PBXBuildFile; fileRef = CA7CEB9A1E708EB800AF43ED /* Assets.xcassets */; };
		CA8417751E720C9A005A0A60 /* Constants.swift in Sources */ = {isa = PBXBuildFile; fileRef = CA8417741E720C9A005A0A60 /* Constants.swift */; };
		CA8417791E723C1C005A0A60 /* User.swift in Sources */ = {isa = PBXBuildFile; fileRef = CA8417781E723C1C005A0A60 /* User.swift */; };
		CA84177C1E731BF7005A0A60 /* Storyboard+Utility.swift in Sources */ = {isa = PBXBuildFile; fileRef = CA84177B1E731BF7005A0A60 /* Storyboard+Utility.swift */; };
		CA8417801E732D3A005A0A60 /* UIWindow+Utility.swift in Sources */ = {isa = PBXBuildFile; fileRef = CA84177F1E732D3A005A0A60 /* UIWindow+Utility.swift */; };
		CAAEBE421E7A287300EF6E6C /* FindFriendsViewController.swift in Sources */ = {isa = PBXBuildFile; fileRef = CAAEBE411E7A287300EF6E6C /* FindFriendsViewController.swift */; };
		CAAEBE441E7A68B900EF6E6C /* UserService.swift in Sources */ = {isa = PBXBuildFile; fileRef = CAAEBE431E7A68B900EF6E6C /* UserService.swift */; };
		CAAEBE461E7B947A00EF6E6C /* FindFriendCell.swift in Sources */ = {isa = PBXBuildFile; fileRef = CAAEBE451E7B947A00EF6E6C /* FindFriendCell.swift */; };
		CAAEBE481E7B991F00EF6E6C /* UIButton+Utility.swift in Sources */ = {isa = PBXBuildFile; fileRef = CAAEBE471E7B991F00EF6E6C /* UIButton+Utility.swift */; };
		CAB98BE51E770F3300BE2D92 /* StorageService.swift in Sources */ = {isa = PBXBuildFile; fileRef = CAB98BE41E770F3300BE2D92 /* StorageService.swift */; };
		CAB98BEA1E77526100BE2D92 /* PostService.swift in Sources */ = {isa = PBXBuildFile; fileRef = CAB98BE91E77526100BE2D92 /* PostService.swift */; };
		CAC64FA21E831B5300BBC85F /* MGPaginationHelper.swift in Sources */ = {isa = PBXBuildFile; fileRef = CAC64FA11E831B5300BBC85F /* MGPaginationHelper.swift */; };
		CAEACD191E7380B600E2AEE4 /* CreateUsernameViewController.swift in Sources */ = {isa = PBXBuildFile; fileRef = CAEACD151E7380B600E2AEE4 /* CreateUsernameViewController.swift */; };
		CAEACD1A1E7380B600E2AEE4 /* HomeViewController.swift in Sources */ = {isa = PBXBuildFile; fileRef = CAEACD161E7380B600E2AEE4 /* HomeViewController.swift */; };
		CAEACD1B1E7380B600E2AEE4 /* LoginViewController.swift in Sources */ = {isa = PBXBuildFile; fileRef = CAEACD171E7380B600E2AEE4 /* LoginViewController.swift */; };
		CAEACD201E7380DA00E2AEE4 /* Login.storyboard in Resources */ = {isa = PBXBuildFile; fileRef = CAEACD1D1E7380DA00E2AEE4 /* Login.storyboard */; };
		CAEACD211E7380DA00E2AEE4 /* Main.storyboard in Resources */ = {isa = PBXBuildFile; fileRef = CAEACD1E1E7380DA00E2AEE4 /* Main.storyboard */; };
		CAEACD221E7380DA00E2AEE4 /* Profile.storyboard in Resources */ = {isa = PBXBuildFile; fileRef = CAEACD1F1E7380DA00E2AEE4 /* Profile.storyboard */; };
		CAEACD241E7380EB00E2AEE4 /* Home.storyboard in Resources */ = {isa = PBXBuildFile; fileRef = CAEACD231E7380EB00E2AEE4 /* Home.storyboard */; };
		CAEACD261E73810000E2AEE4 /* LaunchScreen.storyboard in Resources */ = {isa = PBXBuildFile; fileRef = CAEACD251E73810000E2AEE4 /* LaunchScreen.storyboard */; };
		CAEACD2B1E7381F800E2AEE4 /* PostImageCell.swift in Sources */ = {isa = PBXBuildFile; fileRef = CAEACD291E7381F800E2AEE4 /* PostImageCell.swift */; };
		CAEACD2C1E7381F800E2AEE4 /* PostImageCell.xib in Resources */ = {isa = PBXBuildFile; fileRef = CAEACD2A1E7381F800E2AEE4 /* PostImageCell.xib */; };
		CAEE2BFC1E73CE6D00F361C9 /* UITableView+Utility.swift in Sources */ = {isa = PBXBuildFile; fileRef = CAEE2BFB1E73CE6D00F361C9 /* UITableView+Utility.swift */; };
		CAEE2BFF1E73D3C400F361C9 /* PostHeaderCell.swift in Sources */ = {isa = PBXBuildFile; fileRef = CAEE2BFD1E73D3C400F361C9 /* PostHeaderCell.swift */; };
		CAEE2C001E73D3C400F361C9 /* PostHeaderCell.xib in Resources */ = {isa = PBXBuildFile; fileRef = CAEE2BFE1E73D3C400F361C9 /* PostHeaderCell.xib */; };
		CAEE2C041E73D90D00F361C9 /* PostActionCell.swift in Sources */ = {isa = PBXBuildFile; fileRef = CAEE2C021E73D90D00F361C9 /* PostActionCell.swift */; };
		CAEE2C051E73D90D00F361C9 /* PostActionCell.xib in Resources */ = {isa = PBXBuildFile; fileRef = CAEE2C031E73D90D00F361C9 /* PostActionCell.xib */; };
		CAEE84CB1E73EE1F00BCD683 /* MainTabBarController.swift in Sources */ = {isa = PBXBuildFile; fileRef = CAEE84CA1E73EE1F00BCD683 /* MainTabBarController.swift */; };
		CAFB7CB71E7B9D1E00A3D71B /* UIColor+Utility.swift in Sources */ = {isa = PBXBuildFile; fileRef = CAFB7CB61E7B9D1E00A3D71B /* UIColor+Utility.swift */; };
/* End PBXBuildFile section */

/* Begin PBXFileReference section */
		4C717369BD19F00A54765C17 /* Pods_Makestagram.framework */ = {isa = PBXFileReference; explicitFileType = wrapper.framework; includeInIndex = 0; path = Pods_Makestagram.framework; sourceTree = BUILT_PRODUCTS_DIR; };
		663D54F91ED125B01595C135 /* Pods-Makestagram.release.xcconfig */ = {isa = PBXFileReference; includeInIndex = 1; lastKnownFileType = text.xcconfig; name = "Pods-Makestagram.release.xcconfig"; path = "Pods/Target Support Files/Pods-Makestagram/Pods-Makestagram.release.xcconfig"; sourceTree = "<group>"; };
		CA0561F01E9C39180030B91C /* UIImage+Utility.swift */ = {isa = PBXFileReference; fileEncoding = 4; lastKnownFileType = sourcecode.swift; name = "UIImage+Utility.swift"; path = "Extensions/UIImage+Utility.swift"; sourceTree = "<group>"; };
		CA0561F21E9C39730030B91C /* FIRStorageReference+Post.swift */ = {isa = PBXFileReference; fileEncoding = 4; lastKnownFileType = sourcecode.swift; name = "FIRStorageReference+Post.swift"; path = "Extensions/FIRStorageReference+Post.swift"; sourceTree = "<group>"; };
		CA2DC5651E8049540064FBC9 /* FollowService.swift */ = {isa = PBXFileReference; fileEncoding = 4; lastKnownFileType = sourcecode.swift; name = FollowService.swift; path = Services/FollowService.swift; sourceTree = "<group>"; };
		CA2DC5671E8054360064FBC9 /* FIRDatabaseReference+Utility.swift */ = {isa = PBXFileReference; fileEncoding = 4; lastKnownFileType = sourcecode.swift; name = "FIRDatabaseReference+Utility.swift"; path = "Extensions/FIRDatabaseReference+Utility.swift"; sourceTree = "<group>"; };
		CA2DC5691E8056070064FBC9 /* LikeService.swift */ = {isa = PBXFileReference; fileEncoding = 4; lastKnownFileType = sourcecode.swift; name = LikeService.swift; path = Services/LikeService.swift; sourceTree = "<group>"; };
		CA5DEAC61E9804940055D744 /* FIRDatabaseReference+Location.swift */ = {isa = PBXFileReference; fileEncoding = 4; lastKnownFileType = sourcecode.swift; name = "FIRDatabaseReference+Location.swift"; path = "Extensions/FIRDatabaseReference+Location.swift"; sourceTree = "<group>"; };
		CA6068551E74B76B0051F7D9 /* MGPhotoHelper.swift */ = {isa = PBXFileReference; fileEncoding = 4; lastKnownFileType = sourcecode.swift; name = MGPhotoHelper.swift; path = Helpers/MGPhotoHelper.swift; sourceTree = "<group>"; };
		CA6068571E7668490051F7D9 /* Post.swift */ = {isa = PBXFileReference; fileEncoding = 4; lastKnownFileType = sourcecode.swift; name = Post.swift; path = Models/Post.swift; sourceTree = "<group>"; };
		CA635A281E71D66F00E6E94C /* GoogleService-Info.plist */ = {isa = PBXFileReference; fileEncoding = 4; lastKnownFileType = text.plist.xml; path = "GoogleService-Info.plist"; sourceTree = "<group>"; };
		CA7CEB901E708EB800AF43ED /* Makestagram.app */ = {isa = PBXFileReference; explicitFileType = wrapper.application; includeInIndex = 0; path = Makestagram.app; sourceTree = BUILT_PRODUCTS_DIR; };
		CA7CEB931E708EB800AF43ED /* AppDelegate.swift */ = {isa = PBXFileReference; lastKnownFileType = sourcecode.swift; path = AppDelegate.swift; sourceTree = "<group>"; };
		CA7CEB9A1E708EB800AF43ED /* Assets.xcassets */ = {isa = PBXFileReference; lastKnownFileType = folder.assetcatalog; path = Assets.xcassets; sourceTree = "<group>"; };
		CA7CEB9F1E708EB800AF43ED /* Info.plist */ = {isa = PBXFileReference; lastKnownFileType = text.plist.xml; path = Info.plist; sourceTree = "<group>"; };
		CA8417741E720C9A005A0A60 /* Constants.swift */ = {isa = PBXFileReference; fileEncoding = 4; lastKnownFileType = sourcecode.swift; name = Constants.swift; path = SupportingFiles/Constants.swift; sourceTree = "<group>"; };
		CA8417781E723C1C005A0A60 /* User.swift */ = {isa = PBXFileReference; fileEncoding = 4; lastKnownFileType = sourcecode.swift; name = User.swift; path = Models/User.swift; sourceTree = "<group>"; };
		CA84177B1E731BF7005A0A60 /* Storyboard+Utility.swift */ = {isa = PBXFileReference; fileEncoding = 4; lastKnownFileType = sourcecode.swift; name = "Storyboard+Utility.swift"; path = "Extensions/Storyboard+Utility.swift"; sourceTree = "<group>"; };
		CA84177F1E732D3A005A0A60 /* UIWindow+Utility.swift */ = {isa = PBXFileReference; fileEncoding = 4; lastKnownFileType = sourcecode.swift; name = "UIWindow+Utility.swift"; path = "Extensions/UIWindow+Utility.swift"; sourceTree = "<group>"; };
		CAAEBE411E7A287300EF6E6C /* FindFriendsViewController.swift */ = {isa = PBXFileReference; fileEncoding = 4; lastKnownFileType = sourcecode.swift; name = FindFriendsViewController.swift; path = Controllers/FindFriendsViewController.swift; sourceTree = "<group>"; };
		CAAEBE431E7A68B900EF6E6C /* UserService.swift */ = {isa = PBXFileReference; fileEncoding = 4; lastKnownFileType = sourcecode.swift; name = UserService.swift; path = Services/UserService.swift; sourceTree = "<group>"; };
		CAAEBE451E7B947A00EF6E6C /* FindFriendCell.swift */ = {isa = PBXFileReference; fileEncoding = 4; lastKnownFileType = sourcecode.swift; name = FindFriendCell.swift; path = Views/Cells/FindFriendCell.swift; sourceTree = "<group>"; };
		CAAEBE471E7B991F00EF6E6C /* UIButton+Utility.swift */ = {isa = PBXFileReference; fileEncoding = 4; lastKnownFileType = sourcecode.swift; name = "UIButton+Utility.swift"; path = "Extensions/UIButton+Utility.swift"; sourceTree = "<group>"; };
		CAB98BE41E770F3300BE2D92 /* StorageService.swift */ = {isa = PBXFileReference; fileEncoding = 4; lastKnownFileType = sourcecode.swift; name = StorageService.swift; path = Services/StorageService.swift; sourceTree = "<group>"; };
		CAB98BE91E77526100BE2D92 /* PostService.swift */ = {isa = PBXFileReference; fileEncoding = 4; lastKnownFileType = sourcecode.swift; name = PostService.swift; path = Services/PostService.swift; sourceTree = "<group>"; };
		CAC64FA11E831B5300BBC85F /* MGPaginationHelper.swift */ = {isa = PBXFileReference; fileEncoding = 4; lastKnownFileType = sourcecode.swift; name = MGPaginationHelper.swift; path = Helpers/MGPaginationHelper.swift; sourceTree = "<group>"; };
		CAEACD151E7380B600E2AEE4 /* CreateUsernameViewController.swift */ = {isa = PBXFileReference; fileEncoding = 4; lastKnownFileType = sourcecode.swift; name = CreateUsernameViewController.swift; path = Controllers/CreateUsernameViewController.swift; sourceTree = "<group>"; };
		CAEACD161E7380B600E2AEE4 /* HomeViewController.swift */ = {isa = PBXFileReference; fileEncoding = 4; lastKnownFileType = sourcecode.swift; name = HomeViewController.swift; path = Controllers/HomeViewController.swift; sourceTree = "<group>"; };
		CAEACD171E7380B600E2AEE4 /* LoginViewController.swift */ = {isa = PBXFileReference; fileEncoding = 4; lastKnownFileType = sourcecode.swift; name = LoginViewController.swift; path = Controllers/LoginViewController.swift; sourceTree = "<group>"; };
		CAEACD1D1E7380DA00E2AEE4 /* Login.storyboard */ = {isa = PBXFileReference; fileEncoding = 4; lastKnownFileType = file.storyboard; name = Login.storyboard; path = Views/Storyboards/Login.storyboard; sourceTree = "<group>"; };
		CAEACD1E1E7380DA00E2AEE4 /* Main.storyboard */ = {isa = PBXFileReference; fileEncoding = 4; lastKnownFileType = file.storyboard; name = Main.storyboard; path = Views/Storyboards/Main.storyboard; sourceTree = "<group>"; };
		CAEACD1F1E7380DA00E2AEE4 /* Profile.storyboard */ = {isa = PBXFileReference; fileEncoding = 4; lastKnownFileType = file.storyboard; name = Profile.storyboard; path = Views/Storyboards/Profile.storyboard; sourceTree = "<group>"; };
		CAEACD231E7380EB00E2AEE4 /* Home.storyboard */ = {isa = PBXFileReference; fileEncoding = 4; lastKnownFileType = file.storyboard; name = Home.storyboard; path = Views/Storyboards/Home.storyboard; sourceTree = "<group>"; };
		CAEACD251E73810000E2AEE4 /* LaunchScreen.storyboard */ = {isa = PBXFileReference; fileEncoding = 4; lastKnownFileType = file.storyboard; name = LaunchScreen.storyboard; path = Views/Storyboards/LaunchScreen.storyboard; sourceTree = "<group>"; };
		CAEACD291E7381F800E2AEE4 /* PostImageCell.swift */ = {isa = PBXFileReference; fileEncoding = 4; lastKnownFileType = sourcecode.swift; name = PostImageCell.swift; path = Views/Cells/PostImageCell.swift; sourceTree = "<group>"; };
		CAEACD2A1E7381F800E2AEE4 /* PostImageCell.xib */ = {isa = PBXFileReference; fileEncoding = 4; lastKnownFileType = file.xib; name = PostImageCell.xib; path = Views/Cells/PostImageCell.xib; sourceTree = "<group>"; };
		CAEE2BFB1E73CE6D00F361C9 /* UITableView+Utility.swift */ = {isa = PBXFileReference; fileEncoding = 4; lastKnownFileType = sourcecode.swift; name = "UITableView+Utility.swift"; path = "Extensions/UITableView+Utility.swift"; sourceTree = "<group>"; };
		CAEE2BFD1E73D3C400F361C9 /* PostHeaderCell.swift */ = {isa = PBXFileReference; fileEncoding = 4; lastKnownFileType = sourcecode.swift; name = PostHeaderCell.swift; path = Views/Cells/PostHeaderCell.swift; sourceTree = "<group>"; };
		CAEE2BFE1E73D3C400F361C9 /* PostHeaderCell.xib */ = {isa = PBXFileReference; fileEncoding = 4; lastKnownFileType = file.xib; name = PostHeaderCell.xib; path = Views/Cells/PostHeaderCell.xib; sourceTree = "<group>"; };
		CAEE2C021E73D90D00F361C9 /* PostActionCell.swift */ = {isa = PBXFileReference; fileEncoding = 4; lastKnownFileType = sourcecode.swift; name = PostActionCell.swift; path = Views/Cells/PostActionCell.swift; sourceTree = "<group>"; };
		CAEE2C031E73D90D00F361C9 /* PostActionCell.xib */ = {isa = PBXFileReference; fileEncoding = 4; lastKnownFileType = file.xib; name = PostActionCell.xib; path = Views/Cells/PostActionCell.xib; sourceTree = "<group>"; };
		CAEE84CA1E73EE1F00BCD683 /* MainTabBarController.swift */ = {isa = PBXFileReference; fileEncoding = 4; lastKnownFileType = sourcecode.swift; name = MainTabBarController.swift; path = Controllers/MainTabBarController.swift; sourceTree = "<group>"; };
		CAFB7CB61E7B9D1E00A3D71B /* UIColor+Utility.swift */ = {isa = PBXFileReference; fileEncoding = 4; lastKnownFileType = sourcecode.swift; name = "UIColor+Utility.swift"; path = "Extensions/UIColor+Utility.swift"; sourceTree = "<group>"; };
		E04B4D75E0256C49C93BDD83 /* Pods-Makestagram.debug.xcconfig */ = {isa = PBXFileReference; includeInIndex = 1; lastKnownFileType = text.xcconfig; name = "Pods-Makestagram.debug.xcconfig"; path = "Pods/Target Support Files/Pods-Makestagram/Pods-Makestagram.debug.xcconfig"; sourceTree = "<group>"; };
/* End PBXFileReference section */

/* Begin PBXFrameworksBuildPhase section */
		CA7CEB8D1E708EB800AF43ED /* Frameworks */ = {
			isa = PBXFrameworksBuildPhase;
			buildActionMask = 2147483647;
			files = (
				050034E9BD0C3728D5913A24 /* Pods_Makestagram.framework in Frameworks */,
			);
			runOnlyForDeploymentPostprocessing = 0;
		};
/* End PBXFrameworksBuildPhase section */

/* Begin PBXGroup section */
		1527D080608CD93719248ED0 /* Pods */ = {
			isa = PBXGroup;
			children = (
				E04B4D75E0256C49C93BDD83 /* Pods-Makestagram.debug.xcconfig */,
				663D54F91ED125B01595C135 /* Pods-Makestagram.release.xcconfig */,
			);
			name = Pods;
			sourceTree = "<group>";
		};
		5804496B12351A3E8C9C430D /* Frameworks */ = {
			isa = PBXGroup;
			children = (
				4C717369BD19F00A54765C17 /* Pods_Makestagram.framework */,
			);
			name = Frameworks;
			sourceTree = "<group>";
		};
		CA635A2A1E71D67600E6E94C /* Supporting Files */ = {
			isa = PBXGroup;
			children = (
				CA8417741E720C9A005A0A60 /* Constants.swift */,
				CAEACD251E73810000E2AEE4 /* LaunchScreen.storyboard */,
				CA7CEB9F1E708EB800AF43ED /* Info.plist */,
				CA635A281E71D66F00E6E94C /* GoogleService-Info.plist */,
			);
			name = "Supporting Files";
			sourceTree = "<group>";
		};
		CA7CEB871E708EB800AF43ED = {
			isa = PBXGroup;
			children = (
				CA7CEB921E708EB800AF43ED /* Makestagram */,
				CA7CEB911E708EB800AF43ED /* Products */,
				1527D080608CD93719248ED0 /* Pods */,
				5804496B12351A3E8C9C430D /* Frameworks */,
			);
			sourceTree = "<group>";
		};
		CA7CEB911E708EB800AF43ED /* Products */ = {
			isa = PBXGroup;
			children = (
				CA7CEB901E708EB800AF43ED /* Makestagram.app */,
			);
			name = Products;
			sourceTree = "<group>";
		};
		CA7CEB921E708EB800AF43ED /* Makestagram */ = {
			isa = PBXGroup;
			children = (
				CA7CEB931E708EB800AF43ED /* AppDelegate.swift */,
				CAB98BE61E770F3800BE2D92 /* Services */,
				CAEACD281E7381AD00E2AEE4 /* Models */,
				CAEACD271E7381A700E2AEE4 /* Controllers */,
				CAD9307C1E80C1E50024BFD9 /* Views */,
				CAFEAD4C1E839B5300D4FE29 /* Helpers */,
				CA84176F1E71F198005A0A60 /* Storyboards */,
				CA7CEB9A1E708EB800AF43ED /* Assets.xcassets */,
				CA84177A1E731B8D005A0A60 /* Extensions */,
				CA635A2A1E71D67600E6E94C /* Supporting Files */,
			);
			path = Makestagram;
			sourceTree = "<group>";
		};
		CA84176F1E71F198005A0A60 /* Storyboards */ = {
			isa = PBXGroup;
			children = (
				CAEACD1D1E7380DA00E2AEE4 /* Login.storyboard */,
				CAEACD1E1E7380DA00E2AEE4 /* Main.storyboard */,
				CAEACD231E7380EB00E2AEE4 /* Home.storyboard */,
				CAEACD1F1E7380DA00E2AEE4 /* Profile.storyboard */,
			);
			name = Storyboards;
			sourceTree = "<group>";
		};
		CA84177A1E731B8D005A0A60 /* Extensions */ = {
			isa = PBXGroup;
			children = (
				CA84177B1E731BF7005A0A60 /* Storyboard+Utility.swift */,
				CAAEBE471E7B991F00EF6E6C /* UIButton+Utility.swift */,
				CA0561F21E9C39730030B91C /* FIRStorageReference+Post.swift */,
				CAEE2BFB1E73CE6D00F361C9 /* UITableView+Utility.swift */,
				CA2DC5671E8054360064FBC9 /* FIRDatabaseReference+Utility.swift */,
				CA0561F01E9C39180030B91C /* UIImage+Utility.swift */,
				CA5DEAC61E9804940055D744 /* FIRDatabaseReference+Location.swift */,
				CAFB7CB61E7B9D1E00A3D71B /* UIColor+Utility.swift */,
				CA84177F1E732D3A005A0A60 /* UIWindow+Utility.swift */,
			);
			name = Extensions;
			sourceTree = "<group>";
		};
		CAB98BE61E770F3800BE2D92 /* Services */ = {
			isa = PBXGroup;
			children = (
				CAB98BE41E770F3300BE2D92 /* StorageService.swift */,
				CAB98BE91E77526100BE2D92 /* PostService.swift */,
				CAAEBE431E7A68B900EF6E6C /* UserService.swift */,
				CA2DC5651E8049540064FBC9 /* FollowService.swift */,
				CA2DC5691E8056070064FBC9 /* LikeService.swift */,
			);
			name = Services;
			sourceTree = "<group>";
		};
		CAD9307C1E80C1E50024BFD9 /* Views */ = {
			isa = PBXGroup;
			children = (
				CAEE2C011E73D3C900F361C9 /* PostHeaderCell */,
				CAEACD2D1E7381FD00E2AEE4 /* PostImageCell */,
				CAEE2C061E73D91100F361C9 /* PostActionCell */,
				CAAEBE451E7B947A00EF6E6C /* FindFriendCell.swift */,
			);
			name = Views;
			sourceTree = "<group>";
		};
		CAEACD271E7381A700E2AEE4 /* Controllers */ = {
			isa = PBXGroup;
			children = (
				CAEACD151E7380B600E2AEE4 /* CreateUsernameViewController.swift */,
				CAEE84CA1E73EE1F00BCD683 /* MainTabBarController.swift */,
				CAEACD161E7380B600E2AEE4 /* HomeViewController.swift */,
				CAAEBE411E7A287300EF6E6C /* FindFriendsViewController.swift */,
				CAEACD171E7380B600E2AEE4 /* LoginViewController.swift */,
			);
			name = Controllers;
			sourceTree = "<group>";
		};
		CAEACD281E7381AD00E2AEE4 /* Models */ = {
			isa = PBXGroup;
			children = (
				CA8417781E723C1C005A0A60 /* User.swift */,
				CA6068571E7668490051F7D9 /* Post.swift */,
			);
			name = Models;
			sourceTree = "<group>";
		};
		CAEACD2D1E7381FD00E2AEE4 /* PostImageCell */ = {
			isa = PBXGroup;
			children = (
				CAEACD291E7381F800E2AEE4 /* PostImageCell.swift */,
				CAEACD2A1E7381F800E2AEE4 /* PostImageCell.xib */,
			);
			name = PostImageCell;
			sourceTree = "<group>";
		};
		CAEE2C011E73D3C900F361C9 /* PostHeaderCell */ = {
			isa = PBXGroup;
			children = (
				CAEE2BFD1E73D3C400F361C9 /* PostHeaderCell.swift */,
				CAEE2BFE1E73D3C400F361C9 /* PostHeaderCell.xib */,
			);
			name = PostHeaderCell;
			sourceTree = "<group>";
		};
		CAEE2C061E73D91100F361C9 /* PostActionCell */ = {
			isa = PBXGroup;
			children = (
				CAEE2C021E73D90D00F361C9 /* PostActionCell.swift */,
				CAEE2C031E73D90D00F361C9 /* PostActionCell.xib */,
			);
			name = PostActionCell;
			sourceTree = "<group>";
		};
		CAFEAD4C1E839B5300D4FE29 /* Helpers */ = {
			isa = PBXGroup;
			children = (
				CA6068551E74B76B0051F7D9 /* MGPhotoHelper.swift */,
				CAC64FA11E831B5300BBC85F /* MGPaginationHelper.swift */,
			);
			name = Helpers;
			sourceTree = "<group>";
		};
/* End PBXGroup section */

/* Begin PBXNativeTarget section */
		CA7CEB8F1E708EB800AF43ED /* Makestagram */ = {
			isa = PBXNativeTarget;
			buildConfigurationList = CA7CEBA21E708EB800AF43ED /* Build configuration list for PBXNativeTarget "Makestagram" */;
			buildPhases = (
				A36F0D7C01402C2F7BE76899 /* [CP] Check Pods Manifest.lock */,
				CA7CEB8C1E708EB800AF43ED /* Sources */,
				CA7CEB8D1E708EB800AF43ED /* Frameworks */,
				CA7CEB8E1E708EB800AF43ED /* Resources */,
				4A24CC43AE5A0F3DED570072 /* [CP] Embed Pods Frameworks */,
				81005D50DA7469242897562A /* [CP] Copy Pods Resources */,
			);
			buildRules = (
			);
			dependencies = (
			);
			name = Makestagram;
			productName = Makestagram;
			productReference = CA7CEB901E708EB800AF43ED /* Makestagram.app */;
			productType = "com.apple.product-type.application";
		};
/* End PBXNativeTarget section */

/* Begin PBXProject section */
		CA7CEB881E708EB800AF43ED /* Project object */ = {
			isa = PBXProject;
			attributes = {
				LastSwiftUpdateCheck = 0820;
				LastUpgradeCheck = 0820;
				ORGANIZATIONNAME = "Make School";
				TargetAttributes = {
					CA7CEB8F1E708EB800AF43ED = {
						CreatedOnToolsVersion = 8.2.1;
						DevelopmentTeam = QXSA84SJDA;
						ProvisioningStyle = Automatic;
					};
				};
			};
			buildConfigurationList = CA7CEB8B1E708EB800AF43ED /* Build configuration list for PBXProject "Makestagram" */;
			compatibilityVersion = "Xcode 3.2";
			developmentRegion = English;
			hasScannedForEncodings = 0;
			knownRegions = (
				en,
				Base,
			);
			mainGroup = CA7CEB871E708EB800AF43ED;
			productRefGroup = CA7CEB911E708EB800AF43ED /* Products */;
			projectDirPath = "";
			projectRoot = "";
			targets = (
				CA7CEB8F1E708EB800AF43ED /* Makestagram */,
			);
		};
/* End PBXProject section */

/* Begin PBXResourcesBuildPhase section */
		CA7CEB8E1E708EB800AF43ED /* Resources */ = {
			isa = PBXResourcesBuildPhase;
			buildActionMask = 2147483647;
			files = (
				CAEACD241E7380EB00E2AEE4 /* Home.storyboard in Resources */,
				CAEACD221E7380DA00E2AEE4 /* Profile.storyboard in Resources */,
				CAEACD201E7380DA00E2AEE4 /* Login.storyboard in Resources */,
				CAEE2C001E73D3C400F361C9 /* PostHeaderCell.xib in Resources */,
				CAEACD2C1E7381F800E2AEE4 /* PostImageCell.xib in Resources */,
				CAEACD211E7380DA00E2AEE4 /* Main.storyboard in Resources */,
				CAEACD261E73810000E2AEE4 /* LaunchScreen.storyboard in Resources */,
				CA635A291E71D66F00E6E94C /* GoogleService-Info.plist in Resources */,
				CA7CEB9B1E708EB800AF43ED /* Assets.xcassets in Resources */,
				CAEE2C051E73D90D00F361C9 /* PostActionCell.xib in Resources */,
			);
			runOnlyForDeploymentPostprocessing = 0;
		};
/* End PBXResourcesBuildPhase section */

/* Begin PBXShellScriptBuildPhase section */
		4A24CC43AE5A0F3DED570072 /* [CP] Embed Pods Frameworks */ = {
			isa = PBXShellScriptBuildPhase;
			buildActionMask = 2147483647;
			files = (
			);
			inputPaths = (
			);
			name = "[CP] Embed Pods Frameworks";
			outputPaths = (
			);
			runOnlyForDeploymentPostprocessing = 0;
			shellPath = /bin/sh;
			shellScript = "\"${SRCROOT}/Pods/Target Support Files/Pods-Makestagram/Pods-Makestagram-frameworks.sh\"\n";
			showEnvVarsInLog = 0;
		};
		81005D50DA7469242897562A /* [CP] Copy Pods Resources */ = {
			isa = PBXShellScriptBuildPhase;
			buildActionMask = 2147483647;
			files = (
			);
			inputPaths = (
			);
			name = "[CP] Copy Pods Resources";
			outputPaths = (
			);
			runOnlyForDeploymentPostprocessing = 0;
			shellPath = /bin/sh;
			shellScript = "\"${SRCROOT}/Pods/Target Support Files/Pods-Makestagram/Pods-Makestagram-resources.sh\"\n";
			showEnvVarsInLog = 0;
		};
		A36F0D7C01402C2F7BE76899 /* [CP] Check Pods Manifest.lock */ = {
			isa = PBXShellScriptBuildPhase;
			buildActionMask = 2147483647;
			files = (
			);
			inputPaths = (
			);
			name = "[CP] Check Pods Manifest.lock";
			outputPaths = (
			);
			runOnlyForDeploymentPostprocessing = 0;
			shellPath = /bin/sh;
			shellScript = "diff \"${PODS_ROOT}/../Podfile.lock\" \"${PODS_ROOT}/Manifest.lock\" > /dev/null\nif [ $? != 0 ] ; then\n    # print error to STDERR\n    echo \"error: The sandbox is not in sync with the Podfile.lock. Run 'pod install' or update your CocoaPods installation.\" >&2\n    exit 1\nfi\n";
			showEnvVarsInLog = 0;
		};
/* End PBXShellScriptBuildPhase section */

/* Begin PBXSourcesBuildPhase section */
		CA7CEB8C1E708EB800AF43ED /* Sources */ = {
			isa = PBXSourcesBuildPhase;
			buildActionMask = 2147483647;
			files = (
				CAEACD1B1E7380B600E2AEE4 /* LoginViewController.swift in Sources */,
				CAFB7CB71E7B9D1E00A3D71B /* UIColor+Utility.swift in Sources */,
				CA8417751E720C9A005A0A60 /* Constants.swift in Sources */,
				CAAEBE481E7B991F00EF6E6C /* UIButton+Utility.swift in Sources */,
				CAEE84CB1E73EE1F00BCD683 /* MainTabBarController.swift in Sources */,
				CA8417791E723C1C005A0A60 /* User.swift in Sources */,
				CA6068581E7668490051F7D9 /* Post.swift in Sources */,
				CAAEBE441E7A68B900EF6E6C /* UserService.swift in Sources */,
				CAAEBE461E7B947A00EF6E6C /* FindFriendCell.swift in Sources */,
				CA84177C1E731BF7005A0A60 /* Storyboard+Utility.swift in Sources */,
				CA0561F11E9C39180030B91C /* UIImage+Utility.swift in Sources */,
				CAEE2BFC1E73CE6D00F361C9 /* UITableView+Utility.swift in Sources */,
				CA5DEAC71E9804940055D744 /* FIRDatabaseReference+Location.swift in Sources */,
				CA2DC5661E8049540064FBC9 /* FollowService.swift in Sources */,
				CAB98BE51E770F3300BE2D92 /* StorageService.swift in Sources */,
				CAC64FA21E831B5300BBC85F /* MGPaginationHelper.swift in Sources */,
				CA2DC56A1E8056070064FBC9 /* LikeService.swift in Sources */,
				CA7CEB941E708EB800AF43ED /* AppDelegate.swift in Sources */,
				CA6068561E74B76B0051F7D9 /* MGPhotoHelper.swift in Sources */,
				CAEACD191E7380B600E2AEE4 /* CreateUsernameViewController.swift in Sources */,
				CA8417801E732D3A005A0A60 /* UIWindow+Utility.swift in Sources */,
				CAEACD2B1E7381F800E2AEE4 /* PostImageCell.swift in Sources */,
				CA2DC5681E8054360064FBC9 /* FIRDatabaseReference+Utility.swift in Sources */,
				CAB98BEA1E77526100BE2D92 /* PostService.swift in Sources */,
				CAEACD1A1E7380B600E2AEE4 /* HomeViewController.swift in Sources */,
				CA0561F31E9C39730030B91C /* FIRStorageReference+Post.swift in Sources */,
				CAEE2BFF1E73D3C400F361C9 /* PostHeaderCell.swift in Sources */,
				CAEE2C041E73D90D00F361C9 /* PostActionCell.swift in Sources */,
				CAAEBE421E7A287300EF6E6C /* FindFriendsViewController.swift in Sources */,
			);
			runOnlyForDeploymentPostprocessing = 0;
		};
/* End PBXSourcesBuildPhase section */

/* Begin XCBuildConfiguration section */
		CA7CEBA01E708EB800AF43ED /* Debug */ = {
			isa = XCBuildConfiguration;
			buildSettings = {
				ALWAYS_SEARCH_USER_PATHS = NO;
				CLANG_ANALYZER_NONNULL = YES;
				CLANG_CXX_LANGUAGE_STANDARD = "gnu++0x";
				CLANG_CXX_LIBRARY = "libc++";
				CLANG_ENABLE_MODULES = YES;
				CLANG_ENABLE_OBJC_ARC = YES;
				CLANG_WARN_BOOL_CONVERSION = YES;
				CLANG_WARN_CONSTANT_CONVERSION = YES;
				CLANG_WARN_DIRECT_OBJC_ISA_USAGE = YES_ERROR;
				CLANG_WARN_DOCUMENTATION_COMMENTS = YES;
				CLANG_WARN_EMPTY_BODY = YES;
				CLANG_WARN_ENUM_CONVERSION = YES;
				CLANG_WARN_INFINITE_RECURSION = YES;
				CLANG_WARN_INT_CONVERSION = YES;
				CLANG_WARN_OBJC_ROOT_CLASS = YES_ERROR;
				CLANG_WARN_SUSPICIOUS_MOVE = YES;
				CLANG_WARN_UNREACHABLE_CODE = YES;
				CLANG_WARN__DUPLICATE_METHOD_MATCH = YES;
				"CODE_SIGN_IDENTITY[sdk=iphoneos*]" = "iPhone Developer";
				COPY_PHASE_STRIP = NO;
				DEBUG_INFORMATION_FORMAT = dwarf;
				ENABLE_STRICT_OBJC_MSGSEND = YES;
				ENABLE_TESTABILITY = YES;
				GCC_C_LANGUAGE_STANDARD = gnu99;
				GCC_DYNAMIC_NO_PIC = NO;
				GCC_NO_COMMON_BLOCKS = YES;
				GCC_OPTIMIZATION_LEVEL = 0;
				GCC_PREPROCESSOR_DEFINITIONS = (
					"DEBUG=1",
					"$(inherited)",
				);
				GCC_WARN_64_TO_32_BIT_CONVERSION = YES;
				GCC_WARN_ABOUT_RETURN_TYPE = YES_ERROR;
				GCC_WARN_UNDECLARED_SELECTOR = YES;
				GCC_WARN_UNINITIALIZED_AUTOS = YES_AGGRESSIVE;
				GCC_WARN_UNUSED_FUNCTION = YES;
				GCC_WARN_UNUSED_VARIABLE = YES;
				IPHONEOS_DEPLOYMENT_TARGET = 10.2;
				MTL_ENABLE_DEBUG_INFO = YES;
				ONLY_ACTIVE_ARCH = YES;
				SDKROOT = iphoneos;
				SWIFT_ACTIVE_COMPILATION_CONDITIONS = DEBUG;
				SWIFT_OPTIMIZATION_LEVEL = "-Onone";
			};
			name = Debug;
		};
		CA7CEBA11E708EB800AF43ED /* Release */ = {
			isa = XCBuildConfiguration;
			buildSettings = {
				ALWAYS_SEARCH_USER_PATHS = NO;
				CLANG_ANALYZER_NONNULL = YES;
				CLANG_CXX_LANGUAGE_STANDARD = "gnu++0x";
				CLANG_CXX_LIBRARY = "libc++";
				CLANG_ENABLE_MODULES = YES;
				CLANG_ENABLE_OBJC_ARC = YES;
				CLANG_WARN_BOOL_CONVERSION = YES;
				CLANG_WARN_CONSTANT_CONVERSION = YES;
				CLANG_WARN_DIRECT_OBJC_ISA_USAGE = YES_ERROR;
				CLANG_WARN_DOCUMENTATION_COMMENTS = YES;
				CLANG_WARN_EMPTY_BODY = YES;
				CLANG_WARN_ENUM_CONVERSION = YES;
				CLANG_WARN_INFINITE_RECURSION = YES;
				CLANG_WARN_INT_CONVERSION = YES;
				CLANG_WARN_OBJC_ROOT_CLASS = YES_ERROR;
				CLANG_WARN_SUSPICIOUS_MOVE = YES;
				CLANG_WARN_UNREACHABLE_CODE = YES;
				CLANG_WARN__DUPLICATE_METHOD_MATCH = YES;
				"CODE_SIGN_IDENTITY[sdk=iphoneos*]" = "iPhone Developer";
				COPY_PHASE_STRIP = NO;
				DEBUG_INFORMATION_FORMAT = "dwarf-with-dsym";
				ENABLE_NS_ASSERTIONS = NO;
				ENABLE_STRICT_OBJC_MSGSEND = YES;
				GCC_C_LANGUAGE_STANDARD = gnu99;
				GCC_NO_COMMON_BLOCKS = YES;
				GCC_WARN_64_TO_32_BIT_CONVERSION = YES;
				GCC_WARN_ABOUT_RETURN_TYPE = YES_ERROR;
				GCC_WARN_UNDECLARED_SELECTOR = YES;
				GCC_WARN_UNINITIALIZED_AUTOS = YES_AGGRESSIVE;
				GCC_WARN_UNUSED_FUNCTION = YES;
				GCC_WARN_UNUSED_VARIABLE = YES;
				IPHONEOS_DEPLOYMENT_TARGET = 10.2;
				MTL_ENABLE_DEBUG_INFO = NO;
				SDKROOT = iphoneos;
				SWIFT_OPTIMIZATION_LEVEL = "-Owholemodule";
				VALIDATE_PRODUCT = YES;
			};
			name = Release;
		};
		CA7CEBA31E708EB800AF43ED /* Debug */ = {
			isa = XCBuildConfiguration;
			baseConfigurationReference = E04B4D75E0256C49C93BDD83 /* Pods-Makestagram.debug.xcconfig */;
			buildSettings = {
				ASSETCATALOG_COMPILER_APPICON_NAME = AppIcon;
				DEVELOPMENT_TEAM = QXSA84SJDA;
				INFOPLIST_FILE = Makestagram/Info.plist;
				LD_RUNPATH_SEARCH_PATHS = "$(inherited) @executable_path/Frameworks";
				PRODUCT_BUNDLE_IDENTIFIER = com.makeschool.MakestagramV3;
				PRODUCT_NAME = "$(TARGET_NAME)";
				SWIFT_VERSION = 3.0;
			};
			name = Debug;
		};
		CA7CEBA41E708EB800AF43ED /* Release */ = {
			isa = XCBuildConfiguration;
			baseConfigurationReference = 663D54F91ED125B01595C135 /* Pods-Makestagram.release.xcconfig */;
			buildSettings = {
				ASSETCATALOG_COMPILER_APPICON_NAME = AppIcon;
				DEVELOPMENT_TEAM = QXSA84SJDA;
				INFOPLIST_FILE = Makestagram/Info.plist;
				LD_RUNPATH_SEARCH_PATHS = "$(inherited) @executable_path/Frameworks";
				PRODUCT_BUNDLE_IDENTIFIER = com.makeschool.MakestagramV3;
				PRODUCT_NAME = "$(TARGET_NAME)";
				SWIFT_VERSION = 3.0;
			};
			name = Release;
		};
/* End XCBuildConfiguration section */

/* Begin XCConfigurationList section */
		CA7CEB8B1E708EB800AF43ED /* Build configuration list for PBXProject "Makestagram" */ = {
			isa = XCConfigurationList;
			buildConfigurations = (
				CA7CEBA01E708EB800AF43ED /* Debug */,
				CA7CEBA11E708EB800AF43ED /* Release */,
			);
			defaultConfigurationIsVisible = 0;
			defaultConfigurationName = Release;
		};
		CA7CEBA21E708EB800AF43ED /* Build configuration list for PBXNativeTarget "Makestagram" */ = {
			isa = XCConfigurationList;
			buildConfigurations = (
				CA7CEBA31E708EB800AF43ED /* Debug */,
				CA7CEBA41E708EB800AF43ED /* Release */,
			);
			defaultConfigurationIsVisible = 0;
			defaultConfigurationName = Release;
		};
/* End XCConfigurationList section */
	};
	rootObject = CA7CEB881E708EB800AF43ED /* Project object */;
}
